
Microsoft Visual Studio Solution File, Format Version 12.00
# Visual Studio Version 17
VisualStudioVersion = 17.1.32319.34
MinimumVisualStudioVersion = 10.0.40219.1
Project("{FAE04EC0-301F-11D3-BF4B-00C04F79EFBC}") = "FirstTest", "FirstTest\FirstTest.csproj", "{F1191053-9416-468E-963E-A50CEC6C78EA}"
EndProject
Project("{FAE04EC0-301F-11D3-BF4B-00C04F79EFBC}") = "FirstTest.UnitTests", "FirstTest.UnitTests\FirstTest.UnitTests.csproj", "{1A090055-781A-4797-8F7B-10AA343A2382}"
EndProject
Global
	GlobalSection(SolutionConfigurationPlatforms) = preSolution
		Debug|Any CPU = Debug|Any CPU
		Release|Any CPU = Release|Any CPU
	EndGlobalSection
	GlobalSection(ProjectConfigurationPlatforms) = postSolution
		{F1191053-9416-468E-963E-A50CEC6C78EA}.Debug|Any CPU.ActiveCfg = Debug|Any CPU
		{F1191053-9416-468E-963E-A50CEC6C78EA}.Debug|Any CPU.Build.0 = Debug|Any CPU
		{F1191053-9416-468E-963E-A50CEC6C78EA}.Release|Any CPU.ActiveCfg = Release|Any CPU
		{F1191053-9416-468E-963E-A50CEC6C78EA}.Release|Any CPU.Build.0 = Release|Any CPU
		{1A090055-781A-4797-8F7B-10AA343A2382}.Debug|Any CPU.ActiveCfg = Debug|Any CPU
		{1A090055-781A-4797-8F7B-10AA343A2382}.Debug|Any CPU.Build.0 = Debug|Any CPU
		{1A090055-781A-4797-8F7B-10AA343A2382}.Release|Any CPU.ActiveCfg = Release|Any CPU
		{1A090055-781A-4797-8F7B-10AA343A2382}.Release|Any CPU.Build.0 = Release|Any CPU
	EndGlobalSection
	GlobalSection(SolutionProperties) = preSolution
		HideSolutionNode = FALSE
	EndGlobalSection
	GlobalSection(ExtensibilityGlobals) = postSolution
		SolutionGuid = {D70BFF92-4D1F-4F7C-BBCA-68A9A7D1AF46}
	EndGlobalSection
EndGlobal
